
Microsoft Visual Studio Solution File, Format Version 12.00
# Visual Studio Version 17
VisualStudioVersion = 17.14.36705.20
MinimumVisualStudioVersion = 10.0.40219.1
Project("{FAE04EC0-301F-11D3-BF4B-00C04F79EFBC}") = "MediCareApi", "MediCare\MediCareApi.csproj", "{A9F5BF23-9C6A-4169-AA51-90910F1C018F}"
EndProject
Project("{FAE04EC0-301F-11D3-BF4B-00C04F79EFBC}") = "MediCareDto", "MediCare.Dto\MediCareDto.csproj", "{B5F55CB5-D268-40F9-BCAD-4C7C13107CE5}"
EndProject
Project("{FAE04EC0-301F-11D3-BF4B-00C04F79EFBC}") = "MediCareUtilities", "MediCareUtilities\MediCareUtilities.csproj", "{982F1260-1A23-4891-95AD-72CFA302FD31}"
EndProject
Global
	GlobalSection(SolutionConfigurationPlatforms) = preSolution
		Debug|Any CPU = Debug|Any CPU
		Release|Any CPU = Release|Any CPU
	EndGlobalSection
	GlobalSection(ProjectConfigurationPlatforms) = postSolution
		{A9F5BF23-9C6A-4169-AA51-90910F1C018F}.Debug|Any CPU.ActiveCfg = Debug|Any CPU
		{A9F5BF23-9C6A-4169-AA51-90910F1C018F}.Debug|Any CPU.Build.0 = Debug|Any CPU
		{A9F5BF23-9C6A-4169-AA51-90910F1C018F}.Release|Any CPU.ActiveCfg = Release|Any CPU
		{A9F5BF23-9C6A-4169-AA51-90910F1C018F}.Release|Any CPU.Build.0 = Release|Any CPU
		{B5F55CB5-D268-40F9-BCAD-4C7C13107CE5}.Debug|Any CPU.ActiveCfg = Debug|Any CPU
		{B5F55CB5-D268-40F9-BCAD-4C7C13107CE5}.Debug|Any CPU.Build.0 = Debug|Any CPU
		{B5F55CB5-D268-40F9-BCAD-4C7C13107CE5}.Release|Any CPU.ActiveCfg = Release|Any CPU
		{B5F55CB5-D268-40F9-BCAD-4C7C13107CE5}.Release|Any CPU.Build.0 = Release|Any CPU
		{982F1260-1A23-4891-95AD-72CFA302FD31}.Debug|Any CPU.ActiveCfg = Debug|Any CPU
		{982F1260-1A23-4891-95AD-72CFA302FD31}.Debug|Any CPU.Build.0 = Debug|Any CPU
		{982F1260-1A23-4891-95AD-72CFA302FD31}.Release|Any CPU.ActiveCfg = Release|Any CPU
		{982F1260-1A23-4891-95AD-72CFA302FD31}.Release|Any CPU.Build.0 = Release|Any CPU
	EndGlobalSection
	GlobalSection(SolutionProperties) = preSolution
		HideSolutionNode = FALSE
	EndGlobalSection
	GlobalSection(ExtensibilityGlobals) = postSolution
		SolutionGuid = {E2598F1F-4A0D-4153-AC7D-68C305ED75EC}
	EndGlobalSection
EndGlobal
